
Microsoft Visual Studio Solution File, Format Version 12.00
# Visual Studio Version 17
VisualStudioVersion = 17.0.31903.59
MinimumVisualStudioVersion = 10.0.40219.1
Project("{2150E333-8FDC-42A3-9474-1A3956D46DE8}") = "src", "src", "{827E0CD3-B72D-47B6-A68D-7590B98EB39B}"
EndProject
Project("{FAE04EC0-301F-11D3-BF4B-00C04F79EFBC}") = "TaskManager.Api", "src\TaskManager.Api\TaskManager.Api.csproj", "{DDFB6231-AEDE-4B7F-AE15-C9A1FD0103E2}"
EndProject
Project("{FAE04EC0-301F-11D3-BF4B-00C04F79EFBC}") = "TaskManager.Application", "src\TaskManager.Application\TaskManager.Application.csproj", "{F7C1F72E-7EE0-4D41-AD69-28E4A6A955A3}"
EndProject
Project("{FAE04EC0-301F-11D3-BF4B-00C04F79EFBC}") = "TaskManager.Domain", "src\TaskManager.Domain\TaskManager.Domain.csproj", "{E5DAB80C-48F3-4549-91B6-663CFC60197E}"
EndProject
Project("{FAE04EC0-301F-11D3-BF4B-00C04F79EFBC}") = "TaskManager.Infrastructure", "src\TaskManager.Infrastructure\TaskManager.Infrastructure.csproj", "{F99608E4-5529-4753-9E9D-801F6EAD5D12}"
EndProject
Project("{2150E333-8FDC-42A3-9474-1A3956D46DE8}") = "tests", "tests", "{0AB3BF05-4346-4AA6-1389-037BE0695223}"
EndProject
Project("{FAE04EC0-301F-11D3-BF4B-00C04F79EFBC}") = "TaskManager.Api.IntegrationTests", "tests\TaskManager.Api.IntegrationTests\TaskManager.Api.IntegrationTests.csproj", "{A25F58E0-A934-4767-B9BB-725A6DB3D60A}"
EndProject
Project("{FAE04EC0-301F-11D3-BF4B-00C04F79EFBC}") = "TaskManager.Application.Tests", "tests\TaskManager.Application.Tests\TaskManager.Application.Tests.csproj", "{C0F35CA8-F08A-468E-8C46-CD982618D3DE}"
EndProject
Project("{FAE04EC0-301F-11D3-BF4B-00C04F79EFBC}") = "TaskManager.Domain.Tests", "tests\TaskManager.Domain.Tests\TaskManager.Domain.Tests.csproj", "{953FD588-4B9E-4C7E-8286-A8C517C9D82B}"
EndProject
Global
	GlobalSection(SolutionConfigurationPlatforms) = preSolution
		Debug|Any CPU = Debug|Any CPU
		Debug|x64 = Debug|x64
		Debug|x86 = Debug|x86
		Release|Any CPU = Release|Any CPU
		Release|x64 = Release|x64
		Release|x86 = Release|x86
	EndGlobalSection
	GlobalSection(ProjectConfigurationPlatforms) = postSolution
		{DDFB6231-AEDE-4B7F-AE15-C9A1FD0103E2}.Debug|Any CPU.ActiveCfg = Debug|Any CPU
		{DDFB6231-AEDE-4B7F-AE15-C9A1FD0103E2}.Debug|Any CPU.Build.0 = Debug|Any CPU
		{DDFB6231-AEDE-4B7F-AE15-C9A1FD0103E2}.Debug|x64.ActiveCfg = Debug|Any CPU
		{DDFB6231-AEDE-4B7F-AE15-C9A1FD0103E2}.Debug|x64.Build.0 = Debug|Any CPU
		{DDFB6231-AEDE-4B7F-AE15-C9A1FD0103E2}.Debug|x86.ActiveCfg = Debug|Any CPU
		{DDFB6231-AEDE-4B7F-AE15-C9A1FD0103E2}.Debug|x86.Build.0 = Debug|Any CPU
		{DDFB6231-AEDE-4B7F-AE15-C9A1FD0103E2}.Release|Any CPU.ActiveCfg = Release|Any CPU
		{DDFB6231-AEDE-4B7F-AE15-C9A1FD0103E2}.Release|Any CPU.Build.0 = Release|Any CPU
		{DDFB6231-AEDE-4B7F-AE15-C9A1FD0103E2}.Release|x64.ActiveCfg = Release|Any CPU
		{DDFB6231-AEDE-4B7F-AE15-C9A1FD0103E2}.Release|x64.Build.0 = Release|Any CPU
		{DDFB6231-AEDE-4B7F-AE15-C9A1FD0103E2}.Release|x86.ActiveCfg = Release|Any CPU
		{DDFB6231-AEDE-4B7F-AE15-C9A1FD0103E2}.Release|x86.Build.0 = Release|Any CPU
		{F7C1F72E-7EE0-4D41-AD69-28E4A6A955A3}.Debug|Any CPU.ActiveCfg = Debug|Any CPU
		{F7C1F72E-7EE0-4D41-AD69-28E4A6A955A3}.Debug|Any CPU.Build.0 = Debug|Any CPU
		{F7C1F72E-7EE0-4D41-AD69-28E4A6A955A3}.Debug|x64.ActiveCfg = Debug|Any CPU
		{F7C1F72E-7EE0-4D41-AD69-28E4A6A955A3}.Debug|x64.Build.0 = Debug|Any CPU
		{F7C1F72E-7EE0-4D41-AD69-28E4A6A955A3}.Debug|x86.ActiveCfg = Debug|Any CPU
		{F7C1F72E-7EE0-4D41-AD69-28E4A6A955A3}.Debug|x86.Build.0 = Debug|Any CPU
		{F7C1F72E-7EE0-4D41-AD69-28E4A6A955A3}.Release|Any CPU.ActiveCfg = Release|Any CPU
		{F7C1F72E-7EE0-4D41-AD69-28E4A6A955A3}.Release|Any CPU.Build.0 = Release|Any CPU
		{F7C1F72E-7EE0-4D41-AD69-28E4A6A955A3}.Release|x64.ActiveCfg = Release|Any CPU
		{F7C1F72E-7EE0-4D41-AD69-28E4A6A955A3}.Release|x64.Build.0 = Release|Any CPU
		{F7C1F72E-7EE0-4D41-AD69-28E4A6A955A3}.Release|x86.ActiveCfg = Release|Any CPU
		{F7C1F72E-7EE0-4D41-AD69-28E4A6A955A3}.Release|x86.Build.0 = Release|Any CPU
		{E5DAB80C-48F3-4549-91B6-663CFC60197E}.Debug|Any CPU.ActiveCfg = Debug|Any CPU
		{E5DAB80C-48F3-4549-91B6-663CFC60197E}.Debug|Any CPU.Build.0 = Debug|Any CPU
		{E5DAB80C-48F3-4549-91B6-663CFC60197E}.Debug|x64.ActiveCfg = Debug|Any CPU
		{E5DAB80C-48F3-4549-91B6-663CFC60197E}.Debug|x64.Build.0 = Debug|Any CPU
		{E5DAB80C-48F3-4549-91B6-663CFC60197E}.Debug|x86.ActiveCfg = Debug|Any CPU
		{E5DAB80C-48F3-4549-91B6-663CFC60197E}.Debug|x86.Build.0 = Debug|Any CPU
		{E5DAB80C-48F3-4549-91B6-663CFC60197E}.Release|Any CPU.ActiveCfg = Release|Any CPU
		{E5DAB80C-48F3-4549-91B6-663CFC60197E}.Release|Any CPU.Build.0 = Release|Any CPU
		{E5DAB80C-48F3-4549-91B6-663CFC60197E}.Release|x64.ActiveCfg = Release|Any CPU
		{E5DAB80C-48F3-4549-91B6-663CFC60197E}.Release|x64.Build.0 = Release|Any CPU
		{E5DAB80C-48F3-4549-91B6-663CFC60197E}.Release|x86.ActiveCfg = Release|Any CPU
		{E5DAB80C-48F3-4549-91B6-663CFC60197E}.Release|x86.Build.0 = Release|Any CPU
		{F99608E4-5529-4753-9E9D-801F6EAD5D12}.Debug|Any CPU.ActiveCfg = Debug|Any CPU
		{F99608E4-5529-4753-9E9D-801F6EAD5D12}.Debug|Any CPU.Build.0 = Debug|Any CPU
		{F99608E4-5529-4753-9E9D-801F6EAD5D12}.Debug|x64.ActiveCfg = Debug|Any CPU
		{F99608E4-5529-4753-9E9D-801F6EAD5D12}.Debug|x64.Build.0 = Debug|Any CPU
		{F99608E4-5529-4753-9E9D-801F6EAD5D12}.Debug|x86.ActiveCfg = Debug|Any CPU
		{F99608E4-5529-4753-9E9D-801F6EAD5D12}.Debug|x86.Build.0 = Debug|Any CPU
		{F99608E4-5529-4753-9E9D-801F6EAD5D12}.Release|Any CPU.ActiveCfg = Release|Any CPU
		{F99608E4-5529-4753-9E9D-801F6EAD5D12}.Release|Any CPU.Build.0 = Release|Any CPU
		{F99608E4-5529-4753-9E9D-801F6EAD5D12}.Release|x64.ActiveCfg = Release|Any CPU
		{F99608E4-5529-4753-9E9D-801F6EAD5D12}.Release|x64.Build.0 = Release|Any CPU
		{F99608E4-5529-4753-9E9D-801F6EAD5D12}.Release|x86.ActiveCfg = Release|Any CPU
		{F99608E4-5529-4753-9E9D-801F6EAD5D12}.Release|x86.Build.0 = Release|Any CPU
		{A25F58E0-A934-4767-B9BB-725A6DB3D60A}.Debug|Any CPU.ActiveCfg = Debug|Any CPU
		{A25F58E0-A934-4767-B9BB-725A6DB3D60A}.Debug|Any CPU.Build.0 = Debug|Any CPU
		{A25F58E0-A934-4767-B9BB-725A6DB3D60A}.Debug|x64.ActiveCfg = Debug|Any CPU
		{A25F58E0-A934-4767-B9BB-725A6DB3D60A}.Debug|x64.Build.0 = Debug|Any CPU
		{A25F58E0-A934-4767-B9BB-725A6DB3D60A}.Debug|x86.ActiveCfg = Debug|Any CPU
		{A25F58E0-A934-4767-B9BB-725A6DB3D60A}.Debug|x86.Build.0 = Debug|Any CPU
		{A25F58E0-A934-4767-B9BB-725A6DB3D60A}.Release|Any CPU.ActiveCfg = Release|Any CPU
		{A25F58E0-A934-4767-B9BB-725A6DB3D60A}.Release|Any CPU.Build.0 = Release|Any CPU
		{A25F58E0-A934-4767-B9BB-725A6DB3D60A}.Release|x64.ActiveCfg = Release|Any CPU
		{A25F58E0-A934-4767-B9BB-725A6DB3D60A}.Release|x64.Build.0 = Release|Any CPU
		{A25F58E0-A934-4767-B9BB-725A6DB3D60A}.Release|x86.ActiveCfg = Release|Any CPU
		{A25F58E0-A934-4767-B9BB-725A6DB3D60A}.Release|x86.Build.0 = Release|Any CPU
		{C0F35CA8-F08A-468E-8C46-CD982618D3DE}.Debug|Any CPU.ActiveCfg = Debug|Any CPU
		{C0F35CA8-F08A-468E-8C46-CD982618D3DE}.Debug|Any CPU.Build.0 = Debug|Any CPU
		{C0F35CA8-F08A-468E-8C46-CD982618D3DE}.Debug|x64.ActiveCfg = Debug|Any CPU
		{C0F35CA8-F08A-468E-8C46-CD982618D3DE}.Debug|x64.Build.0 = Debug|Any CPU
		{C0F35CA8-F08A-468E-8C46-CD982618D3DE}.Debug|x86.ActiveCfg = Debug|Any CPU
		{C0F35CA8-F08A-468E-8C46-CD982618D3DE}.Debug|x86.Build.0 = Debug|Any CPU
		{C0F35CA8-F08A-468E-8C46-CD982618D3DE}.Release|Any CPU.ActiveCfg = Release|Any CPU
		{C0F35CA8-F08A-468E-8C46-CD982618D3DE}.Release|Any CPU.Build.0 = Release|Any CPU
		{C0F35CA8-F08A-468E-8C46-CD982618D3DE}.Release|x64.ActiveCfg = Release|Any CPU
		{C0F35CA8-F08A-468E-8C46-CD982618D3DE}.Release|x64.Build.0 = Release|Any CPU
		{C0F35CA8-F08A-468E-8C46-CD982618D3DE}.Release|x86.ActiveCfg = Release|Any CPU
		{C0F35CA8-F08A-468E-8C46-CD982618D3DE}.Release|x86.Build.0 = Release|Any CPU
		{953FD588-4B9E-4C7E-8286-A8C517C9D82B}.Debug|Any CPU.ActiveCfg = Debug|Any CPU
		{953FD588-4B9E-4C7E-8286-A8C517C9D82B}.Debug|Any CPU.Build.0 = Debug|Any CPU
		{953FD588-4B9E-4C7E-8286-A8C517C9D82B}.Debug|x64.ActiveCfg = Debug|Any CPU
		{953FD588-4B9E-4C7E-8286-A8C517C9D82B}.Debug|x64.Build.0 = Debug|Any CPU
		{953FD588-4B9E-4C7E-8286-A8C517C9D82B}.Debug|x86.ActiveCfg = Debug|Any CPU
		{953FD588-4B9E-4C7E-8286-A8C517C9D82B}.Debug|x86.Build.0 = Debug|Any CPU
		{953FD588-4B9E-4C7E-8286-A8C517C9D82B}.Release|Any CPU.ActiveCfg = Release|Any CPU
		{953FD588-4B9E-4C7E-8286-A8C517C9D82B}.Release|Any CPU.Build.0 = Release|Any CPU
		{953FD588-4B9E-4C7E-8286-A8C517C9D82B}.Release|x64.ActiveCfg = Release|Any CPU
		{953FD588-4B9E-4C7E-8286-A8C517C9D82B}.Release|x64.Build.0 = Release|Any CPU
		{953FD588-4B9E-4C7E-8286-A8C517C9D82B}.Release|x86.ActiveCfg = Release|Any CPU
		{953FD588-4B9E-4C7E-8286-A8C517C9D82B}.Release|x86.Build.0 = Release|Any CPU
	EndGlobalSection
	GlobalSection(SolutionProperties) = preSolution
		HideSolutionNode = FALSE
	EndGlobalSection
	GlobalSection(NestedProjects) = preSolution
		{DDFB6231-AEDE-4B7F-AE15-C9A1FD0103E2} = {827E0CD3-B72D-47B6-A68D-7590B98EB39B}
		{F7C1F72E-7EE0-4D41-AD69-28E4A6A955A3} = {827E0CD3-B72D-47B6-A68D-7590B98EB39B}
		{E5DAB80C-48F3-4549-91B6-663CFC60197E} = {827E0CD3-B72D-47B6-A68D-7590B98EB39B}
		{F99608E4-5529-4753-9E9D-801F6EAD5D12} = {827E0CD3-B72D-47B6-A68D-7590B98EB39B}
		{A25F58E0-A934-4767-B9BB-725A6DB3D60A} = {0AB3BF05-4346-4AA6-1389-037BE0695223}
		{C0F35CA8-F08A-468E-8C46-CD982618D3DE} = {0AB3BF05-4346-4AA6-1389-037BE0695223}
		{953FD588-4B9E-4C7E-8286-A8C517C9D82B} = {0AB3BF05-4346-4AA6-1389-037BE0695223}
	EndGlobalSection
EndGlobal
