
Microsoft Visual Studio Solution File, Format Version 12.00
# Visual Studio Version 17
VisualStudioVersion = 17.0.31903.59
MinimumVisualStudioVersion = 10.0.40219.1
Project("{2150E333-8FDC-42A3-9474-1A3956D46DE8}") = "src", "src", "{827E0CD3-B72D-47B6-A68D-7590B98EB39B}"
EndProject
Project("{FAE04EC0-301F-11D3-BF4B-00C04F79EFBC}") = "JournalApp.Api", "src\JournalApp.Api\JournalApp.Api.csproj", "{592A807C-DABF-470E-84D4-A6F239105DD1}"
EndProject
Project("{FAE04EC0-301F-11D3-BF4B-00C04F79EFBC}") = "JournalApp.Application", "src\JournalApp.Application\JournalApp.Application.csproj", "{498D22E9-092A-479C-8686-4F25C1B69D97}"
EndProject
Project("{FAE04EC0-301F-11D3-BF4B-00C04F79EFBC}") = "JournalApp.Domain", "src\JournalApp.Domain\JournalApp.Domain.csproj", "{A2CD607D-B346-4991-B274-BD977E33DD14}"
EndProject
Project("{FAE04EC0-301F-11D3-BF4B-00C04F79EFBC}") = "JournalApp.Infrastructure", "src\JournalApp.Infrastructure\JournalApp.Infrastructure.csproj", "{7F705307-84B6-4F0D-B9E7-BC224E05A1CB}"
EndProject
Project("{2150E333-8FDC-42A3-9474-1A3956D46DE8}") = "tests", "tests", "{0AB3BF05-4346-4AA6-1389-037BE0695223}"
EndProject
Project("{FAE04EC0-301F-11D3-BF4B-00C04F79EFBC}") = "JournalApp.Api.Tests", "tests\JournalApp.Api.Tests\JournalApp.Api.Tests.csproj", "{31F56D06-0195-4F73-BA2C-CA6EC87C9A51}"
EndProject
Project("{FAE04EC0-301F-11D3-BF4B-00C04F79EFBC}") = "JournalApp.Application.Tests", "tests\JournalApp.Application.Tests\JournalApp.Application.Tests.csproj", "{13FD5E32-25E6-4AC3-8646-AC13C1D4FFB1}"
EndProject
Project("{FAE04EC0-301F-11D3-BF4B-00C04F79EFBC}") = "JournalApp.Domain.Tests", "tests\JournalApp.Domain.Tests\JournalApp.Domain.Tests.csproj", "{65C4337A-2A6D-40EE-8541-B7F1B53D9049}"
EndProject
Project("{FAE04EC0-301F-11D3-BF4B-00C04F79EFBC}") = "JournalApp.Infrastructure.Tests", "tests\JournalApp.Infrastructure.Tests\JournalApp.Infrastructure.Tests.csproj", "{0CB79169-5A50-4819-BAE5-AC365417577C}"
EndProject
Global
	GlobalSection(SolutionConfigurationPlatforms) = preSolution
		Debug|Any CPU = Debug|Any CPU
		Debug|x64 = Debug|x64
		Debug|x86 = Debug|x86
		Release|Any CPU = Release|Any CPU
		Release|x64 = Release|x64
		Release|x86 = Release|x86
	EndGlobalSection
	GlobalSection(ProjectConfigurationPlatforms) = postSolution
		{592A807C-DABF-470E-84D4-A6F239105DD1}.Debug|Any CPU.ActiveCfg = Debug|Any CPU
		{592A807C-DABF-470E-84D4-A6F239105DD1}.Debug|Any CPU.Build.0 = Debug|Any CPU
		{592A807C-DABF-470E-84D4-A6F239105DD1}.Debug|x64.ActiveCfg = Debug|Any CPU
		{592A807C-DABF-470E-84D4-A6F239105DD1}.Debug|x64.Build.0 = Debug|Any CPU
		{592A807C-DABF-470E-84D4-A6F239105DD1}.Debug|x86.ActiveCfg = Debug|Any CPU
		{592A807C-DABF-470E-84D4-A6F239105DD1}.Debug|x86.Build.0 = Debug|Any CPU
		{592A807C-DABF-470E-84D4-A6F239105DD1}.Release|Any CPU.ActiveCfg = Release|Any CPU
		{592A807C-DABF-470E-84D4-A6F239105DD1}.Release|Any CPU.Build.0 = Release|Any CPU
		{592A807C-DABF-470E-84D4-A6F239105DD1}.Release|x64.ActiveCfg = Release|Any CPU
		{592A807C-DABF-470E-84D4-A6F239105DD1}.Release|x64.Build.0 = Release|Any CPU
		{592A807C-DABF-470E-84D4-A6F239105DD1}.Release|x86.ActiveCfg = Release|Any CPU
		{592A807C-DABF-470E-84D4-A6F239105DD1}.Release|x86.Build.0 = Release|Any CPU
		{498D22E9-092A-479C-8686-4F25C1B69D97}.Debug|Any CPU.ActiveCfg = Debug|Any CPU
		{498D22E9-092A-479C-8686-4F25C1B69D97}.Debug|Any CPU.Build.0 = Debug|Any CPU
		{498D22E9-092A-479C-8686-4F25C1B69D97}.Debug|x64.ActiveCfg = Debug|Any CPU
		{498D22E9-092A-479C-8686-4F25C1B69D97}.Debug|x64.Build.0 = Debug|Any CPU
		{498D22E9-092A-479C-8686-4F25C1B69D97}.Debug|x86.ActiveCfg = Debug|Any CPU
		{498D22E9-092A-479C-8686-4F25C1B69D97}.Debug|x86.Build.0 = Debug|Any CPU
		{498D22E9-092A-479C-8686-4F25C1B69D97}.Release|Any CPU.ActiveCfg = Release|Any CPU
		{498D22E9-092A-479C-8686-4F25C1B69D97}.Release|Any CPU.Build.0 = Release|Any CPU
		{498D22E9-092A-479C-8686-4F25C1B69D97}.Release|x64.ActiveCfg = Release|Any CPU
		{498D22E9-092A-479C-8686-4F25C1B69D97}.Release|x64.Build.0 = Release|Any CPU
		{498D22E9-092A-479C-8686-4F25C1B69D97}.Release|x86.ActiveCfg = Release|Any CPU
		{498D22E9-092A-479C-8686-4F25C1B69D97}.Release|x86.Build.0 = Release|Any CPU
		{A2CD607D-B346-4991-B274-BD977E33DD14}.Debug|Any CPU.ActiveCfg = Debug|Any CPU
		{A2CD607D-B346-4991-B274-BD977E33DD14}.Debug|Any CPU.Build.0 = Debug|Any CPU
		{A2CD607D-B346-4991-B274-BD977E33DD14}.Debug|x64.ActiveCfg = Debug|Any CPU
		{A2CD607D-B346-4991-B274-BD977E33DD14}.Debug|x64.Build.0 = Debug|Any CPU
		{A2CD607D-B346-4991-B274-BD977E33DD14}.Debug|x86.ActiveCfg = Debug|Any CPU
		{A2CD607D-B346-4991-B274-BD977E33DD14}.Debug|x86.Build.0 = Debug|Any CPU
		{A2CD607D-B346-4991-B274-BD977E33DD14}.Release|Any CPU.ActiveCfg = Release|Any CPU
		{A2CD607D-B346-4991-B274-BD977E33DD14}.Release|Any CPU.Build.0 = Release|Any CPU
		{A2CD607D-B346-4991-B274-BD977E33DD14}.Release|x64.ActiveCfg = Release|Any CPU
		{A2CD607D-B346-4991-B274-BD977E33DD14}.Release|x64.Build.0 = Release|Any CPU
		{A2CD607D-B346-4991-B274-BD977E33DD14}.Release|x86.ActiveCfg = Release|Any CPU
		{A2CD607D-B346-4991-B274-BD977E33DD14}.Release|x86.Build.0 = Release|Any CPU
		{7F705307-84B6-4F0D-B9E7-BC224E05A1CB}.Debug|Any CPU.ActiveCfg = Debug|Any CPU
		{7F705307-84B6-4F0D-B9E7-BC224E05A1CB}.Debug|Any CPU.Build.0 = Debug|Any CPU
		{7F705307-84B6-4F0D-B9E7-BC224E05A1CB}.Debug|x64.ActiveCfg = Debug|Any CPU
		{7F705307-84B6-4F0D-B9E7-BC224E05A1CB}.Debug|x64.Build.0 = Debug|Any CPU
		{7F705307-84B6-4F0D-B9E7-BC224E05A1CB}.Debug|x86.ActiveCfg = Debug|Any CPU
		{7F705307-84B6-4F0D-B9E7-BC224E05A1CB}.Debug|x86.Build.0 = Debug|Any CPU
		{7F705307-84B6-4F0D-B9E7-BC224E05A1CB}.Release|Any CPU.ActiveCfg = Release|Any CPU
		{7F705307-84B6-4F0D-B9E7-BC224E05A1CB}.Release|Any CPU.Build.0 = Release|Any CPU
		{7F705307-84B6-4F0D-B9E7-BC224E05A1CB}.Release|x64.ActiveCfg = Release|Any CPU
		{7F705307-84B6-4F0D-B9E7-BC224E05A1CB}.Release|x64.Build.0 = Release|Any CPU
		{7F705307-84B6-4F0D-B9E7-BC224E05A1CB}.Release|x86.ActiveCfg = Release|Any CPU
		{7F705307-84B6-4F0D-B9E7-BC224E05A1CB}.Release|x86.Build.0 = Release|Any CPU
		{31F56D06-0195-4F73-BA2C-CA6EC87C9A51}.Debug|Any CPU.ActiveCfg = Debug|Any CPU
		{31F56D06-0195-4F73-BA2C-CA6EC87C9A51}.Debug|Any CPU.Build.0 = Debug|Any CPU
		{31F56D06-0195-4F73-BA2C-CA6EC87C9A51}.Debug|x64.ActiveCfg = Debug|Any CPU
		{31F56D06-0195-4F73-BA2C-CA6EC87C9A51}.Debug|x64.Build.0 = Debug|Any CPU
		{31F56D06-0195-4F73-BA2C-CA6EC87C9A51}.Debug|x86.ActiveCfg = Debug|Any CPU
		{31F56D06-0195-4F73-BA2C-CA6EC87C9A51}.Debug|x86.Build.0 = Debug|Any CPU
		{31F56D06-0195-4F73-BA2C-CA6EC87C9A51}.Release|Any CPU.ActiveCfg = Release|Any CPU
		{31F56D06-0195-4F73-BA2C-CA6EC87C9A51}.Release|Any CPU.Build.0 = Release|Any CPU
		{31F56D06-0195-4F73-BA2C-CA6EC87C9A51}.Release|x64.ActiveCfg = Release|Any CPU
		{31F56D06-0195-4F73-BA2C-CA6EC87C9A51}.Release|x64.Build.0 = Release|Any CPU
		{31F56D06-0195-4F73-BA2C-CA6EC87C9A51}.Release|x86.ActiveCfg = Release|Any CPU
		{31F56D06-0195-4F73-BA2C-CA6EC87C9A51}.Release|x86.Build.0 = Release|Any CPU
		{13FD5E32-25E6-4AC3-8646-AC13C1D4FFB1}.Debug|Any CPU.ActiveCfg = Debug|Any CPU
		{13FD5E32-25E6-4AC3-8646-AC13C1D4FFB1}.Debug|Any CPU.Build.0 = Debug|Any CPU
		{13FD5E32-25E6-4AC3-8646-AC13C1D4FFB1}.Debug|x64.ActiveCfg = Debug|Any CPU
		{13FD5E32-25E6-4AC3-8646-AC13C1D4FFB1}.Debug|x64.Build.0 = Debug|Any CPU
		{13FD5E32-25E6-4AC3-8646-AC13C1D4FFB1}.Debug|x86.ActiveCfg = Debug|Any CPU
		{13FD5E32-25E6-4AC3-8646-AC13C1D4FFB1}.Debug|x86.Build.0 = Debug|Any CPU
		{13FD5E32-25E6-4AC3-8646-AC13C1D4FFB1}.Release|Any CPU.ActiveCfg = Release|Any CPU
		{13FD5E32-25E6-4AC3-8646-AC13C1D4FFB1}.Release|Any CPU.Build.0 = Release|Any CPU
		{13FD5E32-25E6-4AC3-8646-AC13C1D4FFB1}.Release|x64.ActiveCfg = Release|Any CPU
		{13FD5E32-25E6-4AC3-8646-AC13C1D4FFB1}.Release|x64.Build.0 = Release|Any CPU
		{13FD5E32-25E6-4AC3-8646-AC13C1D4FFB1}.Release|x86.ActiveCfg = Release|Any CPU
		{13FD5E32-25E6-4AC3-8646-AC13C1D4FFB1}.Release|x86.Build.0 = Release|Any CPU
		{65C4337A-2A6D-40EE-8541-B7F1B53D9049}.Debug|Any CPU.ActiveCfg = Debug|Any CPU
		{65C4337A-2A6D-40EE-8541-B7F1B53D9049}.Debug|Any CPU.Build.0 = Debug|Any CPU
		{65C4337A-2A6D-40EE-8541-B7F1B53D9049}.Debug|x64.ActiveCfg = Debug|Any CPU
		{65C4337A-2A6D-40EE-8541-B7F1B53D9049}.Debug|x64.Build.0 = Debug|Any CPU
		{65C4337A-2A6D-40EE-8541-B7F1B53D9049}.Debug|x86.ActiveCfg = Debug|Any CPU
		{65C4337A-2A6D-40EE-8541-B7F1B53D9049}.Debug|x86.Build.0 = Debug|Any CPU
		{65C4337A-2A6D-40EE-8541-B7F1B53D9049}.Release|Any CPU.ActiveCfg = Release|Any CPU
		{65C4337A-2A6D-40EE-8541-B7F1B53D9049}.Release|Any CPU.Build.0 = Release|Any CPU
		{65C4337A-2A6D-40EE-8541-B7F1B53D9049}.Release|x64.ActiveCfg = Release|Any CPU
		{65C4337A-2A6D-40EE-8541-B7F1B53D9049}.Release|x64.Build.0 = Release|Any CPU
		{65C4337A-2A6D-40EE-8541-B7F1B53D9049}.Release|x86.ActiveCfg = Release|Any CPU
		{65C4337A-2A6D-40EE-8541-B7F1B53D9049}.Release|x86.Build.0 = Release|Any CPU
		{0CB79169-5A50-4819-BAE5-AC365417577C}.Debug|Any CPU.ActiveCfg = Debug|Any CPU
		{0CB79169-5A50-4819-BAE5-AC365417577C}.Debug|Any CPU.Build.0 = Debug|Any CPU
		{0CB79169-5A50-4819-BAE5-AC365417577C}.Debug|x64.ActiveCfg = Debug|Any CPU
		{0CB79169-5A50-4819-BAE5-AC365417577C}.Debug|x64.Build.0 = Debug|Any CPU
		{0CB79169-5A50-4819-BAE5-AC365417577C}.Debug|x86.ActiveCfg = Debug|Any CPU
		{0CB79169-5A50-4819-BAE5-AC365417577C}.Debug|x86.Build.0 = Debug|Any CPU
		{0CB79169-5A50-4819-BAE5-AC365417577C}.Release|Any CPU.ActiveCfg = Release|Any CPU
		{0CB79169-5A50-4819-BAE5-AC365417577C}.Release|Any CPU.Build.0 = Release|Any CPU
		{0CB79169-5A50-4819-BAE5-AC365417577C}.Release|x64.ActiveCfg = Release|Any CPU
		{0CB79169-5A50-4819-BAE5-AC365417577C}.Release|x64.Build.0 = Release|Any CPU
		{0CB79169-5A50-4819-BAE5-AC365417577C}.Release|x86.ActiveCfg = Release|Any CPU
		{0CB79169-5A50-4819-BAE5-AC365417577C}.Release|x86.Build.0 = Release|Any CPU
	EndGlobalSection
	GlobalSection(SolutionProperties) = preSolution
		HideSolutionNode = FALSE
	EndGlobalSection
	GlobalSection(NestedProjects) = preSolution
		{592A807C-DABF-470E-84D4-A6F239105DD1} = {827E0CD3-B72D-47B6-A68D-7590B98EB39B}
		{498D22E9-092A-479C-8686-4F25C1B69D97} = {827E0CD3-B72D-47B6-A68D-7590B98EB39B}
		{A2CD607D-B346-4991-B274-BD977E33DD14} = {827E0CD3-B72D-47B6-A68D-7590B98EB39B}
		{7F705307-84B6-4F0D-B9E7-BC224E05A1CB} = {827E0CD3-B72D-47B6-A68D-7590B98EB39B}
		{31F56D06-0195-4F73-BA2C-CA6EC87C9A51} = {0AB3BF05-4346-4AA6-1389-037BE0695223}
		{13FD5E32-25E6-4AC3-8646-AC13C1D4FFB1} = {0AB3BF05-4346-4AA6-1389-037BE0695223}
		{65C4337A-2A6D-40EE-8541-B7F1B53D9049} = {0AB3BF05-4346-4AA6-1389-037BE0695223}
		{0CB79169-5A50-4819-BAE5-AC365417577C} = {0AB3BF05-4346-4AA6-1389-037BE0695223}
	EndGlobalSection
EndGlobal
